
Microsoft Visual Studio Solution File, Format Version 12.00
# Visual Studio Version 17
VisualStudioVersion = 17.2.32630.192
MinimumVisualStudioVersion = 10.0.40219.1
Project("{FAE04EC0-301F-11D3-BF4B-00C04F79EFBC}") = "SPH_LIB_2d", "SPHLionLIB\SPH_LIB_2d.csproj", "{7414C263-21F9-4D49-B1AF-5CFF6B186E13}"
EndProject
Project("{FAE04EC0-301F-11D3-BF4B-00C04F79EFBC}") = "TForm", "TForm\TForm.csproj", "{20AC0153-B78B-4E61-8D1B-91FF1119E444}"
EndProject
Project("{FAE04EC0-301F-11D3-BF4B-00C04F79EFBC}") = "ShowGraphic", "ShowGraphic\ShowGraphic.csproj", "{6F66237E-5FFD-4FCF-9431-D4175D0BC1A7}"
EndProject
Project("{2150E333-8FDC-42A3-9474-1A3956D46DE8}") = "Solution Items", "Solution Items", "{A096843B-96EE-4C92-886C-21C073C7CBE2}"
	ProjectSection(SolutionItems) = preProject
		Trube_Items.txt = Trube_Items.txt
		Конфигурации областей (2D).txt = Конфигурации областей (2D).txt
	EndProjectSection
EndProject
Global
	GlobalSection(SolutionConfigurationPlatforms) = preSolution
		Debug|Any CPU = Debug|Any CPU
		Debug|Mixed Platforms = Debug|Mixed Platforms
		Debug|x86 = Debug|x86
		Release|Any CPU = Release|Any CPU
		Release|Mixed Platforms = Release|Mixed Platforms
		Release|x86 = Release|x86
	EndGlobalSection
	GlobalSection(ProjectConfigurationPlatforms) = postSolution
		{7414C263-21F9-4D49-B1AF-5CFF6B186E13}.Debug|Any CPU.ActiveCfg = Debug|Any CPU
		{7414C263-21F9-4D49-B1AF-5CFF6B186E13}.Debug|Any CPU.Build.0 = Debug|Any CPU
		{7414C263-21F9-4D49-B1AF-5CFF6B186E13}.Debug|Mixed Platforms.ActiveCfg = Debug|Any CPU
		{7414C263-21F9-4D49-B1AF-5CFF6B186E13}.Debug|Mixed Platforms.Build.0 = Debug|Any CPU
		{7414C263-21F9-4D49-B1AF-5CFF6B186E13}.Debug|x86.ActiveCfg = Debug|Any CPU
		{7414C263-21F9-4D49-B1AF-5CFF6B186E13}.Release|Any CPU.ActiveCfg = Release|Any CPU
		{7414C263-21F9-4D49-B1AF-5CFF6B186E13}.Release|Any CPU.Build.0 = Release|Any CPU
		{7414C263-21F9-4D49-B1AF-5CFF6B186E13}.Release|Mixed Platforms.ActiveCfg = Release|Any CPU
		{7414C263-21F9-4D49-B1AF-5CFF6B186E13}.Release|Mixed Platforms.Build.0 = Release|Any CPU
		{7414C263-21F9-4D49-B1AF-5CFF6B186E13}.Release|x86.ActiveCfg = Release|Any CPU
		{20AC0153-B78B-4E61-8D1B-91FF1119E444}.Debug|Any CPU.ActiveCfg = Debug|Any CPU
		{20AC0153-B78B-4E61-8D1B-91FF1119E444}.Debug|Any CPU.Build.0 = Debug|Any CPU
		{20AC0153-B78B-4E61-8D1B-91FF1119E444}.Debug|Mixed Platforms.ActiveCfg = Debug|Any CPU
		{20AC0153-B78B-4E61-8D1B-91FF1119E444}.Debug|Mixed Platforms.Build.0 = Debug|Any CPU
		{20AC0153-B78B-4E61-8D1B-91FF1119E444}.Debug|x86.ActiveCfg = Debug|Any CPU
		{20AC0153-B78B-4E61-8D1B-91FF1119E444}.Release|Any CPU.ActiveCfg = Release|Any CPU
		{20AC0153-B78B-4E61-8D1B-91FF1119E444}.Release|Any CPU.Build.0 = Release|Any CPU
		{20AC0153-B78B-4E61-8D1B-91FF1119E444}.Release|Mixed Platforms.ActiveCfg = Release|Any CPU
		{20AC0153-B78B-4E61-8D1B-91FF1119E444}.Release|Mixed Platforms.Build.0 = Release|Any CPU
		{20AC0153-B78B-4E61-8D1B-91FF1119E444}.Release|x86.ActiveCfg = Release|Any CPU
		{6F66237E-5FFD-4FCF-9431-D4175D0BC1A7}.Debug|Any CPU.ActiveCfg = Debug|x86
		{6F66237E-5FFD-4FCF-9431-D4175D0BC1A7}.Debug|Mixed Platforms.ActiveCfg = Debug|x86
		{6F66237E-5FFD-4FCF-9431-D4175D0BC1A7}.Debug|Mixed Platforms.Build.0 = Debug|x86
		{6F66237E-5FFD-4FCF-9431-D4175D0BC1A7}.Debug|x86.ActiveCfg = Debug|x86
		{6F66237E-5FFD-4FCF-9431-D4175D0BC1A7}.Debug|x86.Build.0 = Debug|x86
		{6F66237E-5FFD-4FCF-9431-D4175D0BC1A7}.Release|Any CPU.ActiveCfg = Release|x86
		{6F66237E-5FFD-4FCF-9431-D4175D0BC1A7}.Release|Mixed Platforms.ActiveCfg = Release|x86
		{6F66237E-5FFD-4FCF-9431-D4175D0BC1A7}.Release|Mixed Platforms.Build.0 = Release|x86
		{6F66237E-5FFD-4FCF-9431-D4175D0BC1A7}.Release|x86.ActiveCfg = Release|x86
		{6F66237E-5FFD-4FCF-9431-D4175D0BC1A7}.Release|x86.Build.0 = Release|x86
	EndGlobalSection
	GlobalSection(SolutionProperties) = preSolution
		HideSolutionNode = FALSE
	EndGlobalSection
	GlobalSection(ExtensibilityGlobals) = postSolution
		SolutionGuid = {9D0A582A-AACA-45E0-A961-139DB540FA7B}
	EndGlobalSection
EndGlobal
